{
  "name": "angular2-virtual-scroll",
  "version": "0.3.2",
  "lockfileVersion": 1,
  "requires": true,
  "dependencies": {
    "@angular/cli": {
      "version": "1.4.8",
      "resolved": "https://registry.npmjs.org/@angular/cli/-/cli-1.4.8.tgz",
      "integrity": "sha512-dubloKrHxJNJV7i6DPi5+vV0z5i9WSlbuRiUEDZVqLfImd4hTayCJyxoNb23Uxiuk+hIpC+pHrUz0ctgB9YQSg==",
      "dev": true
    },
    "@angular/common": {
      "version": "4.4.6",
      "resolved": "https://registry.npmjs.org/@angular/common/-/common-4.4.6.tgz",
      "integrity": "sha1-S4FCByTggooOg5uVpV6xp+g5GPI=",
      "dev": true
    },
    "@angular/compiler": {
      "version": "4.4.6",
      "resolved": "https://registry.npmjs.org/@angular/compiler/-/compiler-4.4.6.tgz",
      "integrity": "sha1-LuH68lt1fh0SiXkHS+f65SmzvCA=",
      "dev": true
    },
    "@angular/compiler-cli": {
      "version": "4.4.6",
      "resolved": "https://registry.npmjs.org/@angular/compiler-cli/-/compiler-cli-4.4.6.tgz",
      "integrity": "sha1-uv09HiYOmQh+uajPdTLb1gOrubE=",
      "dev": true
    },
    "@angular/core": {
      "version": "4.4.6",
      "resolved": "https://registry.npmjs.org/@angular/core/-/core-4.4.6.tgz",
      "integrity": "sha1-EwMf0Q3P5DiHVBmzjyESCVi8I1Q=",
      "dev": true
    },
    "@angular/forms": {
      "version": "4.4.6",
      "resolved": "https://registry.npmjs.org/@angular/forms/-/forms-4.4.6.tgz",
      "integrity": "sha1-/mSs5CQ1wbgPSQNLfEHOjK8UpEo=",
      "dev": true
    },
    "@angular/http": {
      "version": "4.4.6",
      "resolved": "https://registry.npmjs.org/@angular/http/-/http-4.4.6.tgz",
      "integrity": "sha1-CvaAxnEL3AJtlA4iXP0PalwAXQw=",
      "dev": true
    },
    "@angular/platform-browser": {
      "version": "4.4.6",
      "resolved": "https://registry.npmjs.org/@angular/platform-browser/-/platform-browser-4.4.6.tgz",
      "integrity": "sha1-qYOcVH4bZU+h0kqJeAyLpquNzOA=",
      "dev": true
    },
    "@angular/platform-browser-dynamic": {
      "version": "4.4.6",
      "resolved": "https://registry.npmjs.org/@angular/platform-browser-dynamic/-/platform-browser-dynamic-4.4.6.tgz",
      "integrity": "sha1-TT2aanvyzz3kBYphWuBZ7/ZB+jY=",
      "dev": true
    },
    "@angular/router": {
      "version": "4.4.6",
      "resolved": "https://registry.npmjs.org/@angular/router/-/router-4.4.6.tgz",
      "integrity": "sha1-D2rSmuD/jSyeo3m9MgRHIXt+yGY=",
      "dev": true
    },
    "@tweenjs/tween.js": {
      "version": "17.1.1",
      "resolved": "https://registry.npmjs.org/@tweenjs/tween.js/-/tween.js-17.1.1.tgz",
      "integrity": "sha1-pzXsM2Koz/dBhzOFNQPCpVPuGjo="
    },
    "@types/node": {
      "version": "8.0.45",
      "resolved": "https://registry.npmjs.org/@types/node/-/node-8.0.45.tgz",
      "integrity": "sha512-4q3e+DdiRli/aMgYOwtKCOrM4Vys+OQCcHts76lJUfKRCjfjfTqB4FjXsZ8jkyBEgPrPN0Rq93uCKmgd7ePY2w==",
      "dev": true
    },
    "codelyzer": {
      "version": "2.1.1",
      "resolved": "https://registry.npmjs.org/codelyzer/-/codelyzer-2.1.1.tgz",
      "integrity": "sha1-BXPH+NpKwqRHOwBCgH97kB3siwo=",
      "dev": true
    },
    "core-js": {
      "version": "2.5.1",
      "resolved": "https://registry.npmjs.org/core-js/-/core-js-2.5.1.tgz",
      "integrity": "sha1-rmh03GaTd4m4B1T/VCjfZoGcpQs=",
      "dev": true
    },
    "jquery": {
      "version": "3.5.0",
      "resolved": "https://registry.npmjs.org/jquery/-/jquery-3.5.0.tgz",
      "integrity": "sha512-Xb7SVYMvygPxbFMpTFQiHh1J7HClEaThguL15N/Gg37Lri/qKyhRGZYzHRyLH8Stq3Aow0LsHO2O2ci86fCrNQ==",
      "dev": true
    },
    "lodash.throttle": {
      "version": "4.1.1",
      "resolved": "https://registry.npmjs.org/lodash.throttle/-/lodash.throttle-4.1.1.tgz",
      "integrity": "sha1-wj6RtxAkKscMN/HhzaknTMOb8vQ="
    },
    "rimraf": {
      "version": "2.6.2",
      "resolved": "https://registry.npmjs.org/rimraf/-/rimraf-2.6.2.tgz",
      "integrity": "sha512-lreewLK/BlghmxtfH36YYVg1i8IAce4TI7oao75I1g245+6BctqTVQiBP3YUJ9C6DQOXJmkYR9X9fCLtCOJc5w==",
      "dev": true
    },
    "rxjs": {
      "version": "5.5.0",
      "resolved": "https://registry.npmjs.org/rxjs/-/rxjs-5.5.0.tgz",
      "integrity": "sha512-vmvP5y/oJIJmXKHY36PIjVeI/46Sny6BMBa7/ou2zsNz1PiqU/Gtcz1GujnHz5Qlxncv+J9VlWmttnshqFj3Kg==",
      "dev": true
    },
    "tslint": {
      "version": "5.7.0",
      "resolved": "https://registry.npmjs.org/tslint/-/tslint-5.7.0.tgz",
      "integrity": "sha1-wl4NDJL6EgHCvDDoROCOaCtPNVI=",
      "dev": true
    },
    "typescript": {
      "version": "2.4.1",
      "resolved": "https://registry.npmjs.org/typescript/-/typescript-2.4.1.tgz",
      "integrity": "sha1-w8yxbdqgsjFN4DHn5v7onlujRrw=",
      "dev": true
    },
    "zone.js": {
      "version": "0.8.18",
      "resolved": "https://registry.npmjs.org/zone.js/-/zone.js-0.8.18.tgz",
      "integrity": "sha512-knKOBQM0oea3/x9pdyDuDi7RhxDlJhOIkeixXSiTKWLgs4LpK37iBc+1HaHwzlciHUKT172CymJFKo8Xgh+44Q==",
      "dev": true
    }
  }
}
